
Microsoft Visual Studio Solution File, Format Version 12.00
# Visual Studio Version 17
VisualStudioVersion = 17.14.36310.24 d17.14
MinimumVisualStudioVersion = 10.0.40219.1
Project("{FAE04EC0-301F-11D3-BF4B-00C04F79EFBC}") = "UsuarioRol", "UsuarioRol\UsuarioRol.csproj", "{BC133A91-A5EC-43E9-A838-970AD5B0B02F}"
EndProject
Global
	GlobalSection(SolutionConfigurationPlatforms) = preSolution
		Debug|Any CPU = Debug|Any CPU
		Release|Any CPU = Release|Any CPU
	EndGlobalSection
	GlobalSection(ProjectConfigurationPlatforms) = postSolution
		{BC133A91-A5EC-43E9-A838-970AD5B0B02F}.Debug|Any CPU.ActiveCfg = Debug|Any CPU
		{BC133A91-A5EC-43E9-A838-970AD5B0B02F}.Debug|Any CPU.Build.0 = Debug|Any CPU
		{BC133A91-A5EC-43E9-A838-970AD5B0B02F}.Release|Any CPU.ActiveCfg = Release|Any CPU
		{BC133A91-A5EC-43E9-A838-970AD5B0B02F}.Release|Any CPU.Build.0 = Release|Any CPU
	EndGlobalSection
	GlobalSection(SolutionProperties) = preSolution
		HideSolutionNode = FALSE
	EndGlobalSection
	GlobalSection(ExtensibilityGlobals) = postSolution
		SolutionGuid = {4DF9FBBF-DE1F-4349-8D02-BE9CC73E361D}
	EndGlobalSection
EndGlobal
